
Microsoft Visual Studio Solution File, Format Version 12.00
# Visual Studio Version 16
VisualStudioVersion = 16.0.31205.134
MinimumVisualStudioVersion = 10.0.40219.1
Project("{FAE04EC0-301F-11D3-BF4B-00C04F79EFBC}") = "MVCModelAndAnnotationAndValidation", "MVCModelAndAnnotationAndValidation\MVCModelAndAnnotationAndValidation.csproj", "{BA826F62-7E6A-4AB5-B551-3331763AF67C}"
EndProject
Project("{2150E333-8FDC-42A3-9474-1A3956D46DE8}") = "Solution Items", "Solution Items", "{C23FC622-588C-4C5A-B38B-C26345AEBE01}"
	ProjectSection(SolutionItems) = preProject
		.editorconfig = .editorconfig
	EndProjectSection
EndProject
Global
	GlobalSection(SolutionConfigurationPlatforms) = preSolution
		Debug|Any CPU = Debug|Any CPU
		Release|Any CPU = Release|Any CPU
	EndGlobalSection
	GlobalSection(ProjectConfigurationPlatforms) = postSolution
		{BA826F62-7E6A-4AB5-B551-3331763AF67C}.Debug|Any CPU.ActiveCfg = Debug|Any CPU
		{BA826F62-7E6A-4AB5-B551-3331763AF67C}.Debug|Any CPU.Build.0 = Debug|Any CPU
		{BA826F62-7E6A-4AB5-B551-3331763AF67C}.Release|Any CPU.ActiveCfg = Release|Any CPU
		{BA826F62-7E6A-4AB5-B551-3331763AF67C}.Release|Any CPU.Build.0 = Release|Any CPU
	EndGlobalSection
	GlobalSection(SolutionProperties) = preSolution
		HideSolutionNode = FALSE
	EndGlobalSection
	GlobalSection(ExtensibilityGlobals) = postSolution
		SolutionGuid = {FC9DDC4B-E065-4BA0-82D7-FA8A3BC03F90}
	EndGlobalSection
EndGlobal
